
Microsoft Visual Studio Solution File, Format Version 12.00
# Visual Studio Version 17
VisualStudioVersion = 17.14.36203.30 d17.14
MinimumVisualStudioVersion = 10.0.40219.1
Project("{FAE04EC0-301F-11D3-BF4B-00C04F79EFBC}") = "LoanApplicationSystem", "LoanApplicationSystem\LoanApplicationSystem.csproj", "{090CE919-A5D9-48F5-AEA2-6297DEA55DC0}"
EndProject
Project("{2150E333-8FDC-42A3-9474-1A3956D46DE8}") = "Core", "Core", "{02EA681E-C7D8-13C7-8484-4AC65E1B71E8}"
EndProject
Project("{2150E333-8FDC-42A3-9474-1A3956D46DE8}") = "Infrastructure", "Infrastructure", "{65EE903A-AAE4-4FA0-81BC-850751BD0AD0}"
EndProject
Project("{2150E333-8FDC-42A3-9474-1A3956D46DE8}") = "Entities", "Entities", "{F9C06BED-0CB5-40DC-9944-C8096853287B}"
EndProject
Project("{2150E333-8FDC-42A3-9474-1A3956D46DE8}") = "Services", "Services", "{A537273F-FD84-4D32-B702-D5F29043A5DC}"
EndProject
Global
	GlobalSection(SolutionConfigurationPlatforms) = preSolution
		Debug|Any CPU = Debug|Any CPU
		Release|Any CPU = Release|Any CPU
	EndGlobalSection
	GlobalSection(ProjectConfigurationPlatforms) = postSolution
		{090CE919-A5D9-48F5-AEA2-6297DEA55DC0}.Debug|Any CPU.ActiveCfg = Debug|Any CPU
		{090CE919-A5D9-48F5-AEA2-6297DEA55DC0}.Debug|Any CPU.Build.0 = Debug|Any CPU
		{090CE919-A5D9-48F5-AEA2-6297DEA55DC0}.Release|Any CPU.ActiveCfg = Release|Any CPU
		{090CE919-A5D9-48F5-AEA2-6297DEA55DC0}.Release|Any CPU.Build.0 = Release|Any CPU
	EndGlobalSection
	GlobalSection(SolutionProperties) = preSolution
		HideSolutionNode = FALSE
	EndGlobalSection
	GlobalSection(NestedProjects) = preSolution
		{F9C06BED-0CB5-40DC-9944-C8096853287B} = {02EA681E-C7D8-13C7-8484-4AC65E1B71E8}
		{A537273F-FD84-4D32-B702-D5F29043A5DC} = {65EE903A-AAE4-4FA0-81BC-850751BD0AD0}
	EndGlobalSection
	GlobalSection(ExtensibilityGlobals) = postSolution
		SolutionGuid = {E3F58ACA-3695-4650-8F2F-05FD113F7A53}
	EndGlobalSection
EndGlobal
